
Microsoft Visual Studio Solution File, Format Version 12.00
# Visual Studio Version 16
VisualStudioVersion = 16.0.34601.136
MinimumVisualStudioVersion = 10.0.40219.1
Project("{FAE04EC0-301F-11D3-BF4B-00C04F79EFBC}") = "kutuphaneSistemi.Entities", "kutuphaneSistemi.Entities.csproj", "{01220159-CC62-4102-A697-67BD536FB2FA}"
EndProject
Global
	GlobalSection(SolutionConfigurationPlatforms) = preSolution
		Debug|Any CPU = Debug|Any CPU
		Release|Any CPU = Release|Any CPU
	EndGlobalSection
	GlobalSection(ProjectConfigurationPlatforms) = postSolution
		{01220159-CC62-4102-A697-67BD536FB2FA}.Debug|Any CPU.ActiveCfg = Debug|Any CPU
		{01220159-CC62-4102-A697-67BD536FB2FA}.Debug|Any CPU.Build.0 = Debug|Any CPU
		{01220159-CC62-4102-A697-67BD536FB2FA}.Release|Any CPU.ActiveCfg = Release|Any CPU
		{01220159-CC62-4102-A697-67BD536FB2FA}.Release|Any CPU.Build.0 = Release|Any CPU
	EndGlobalSection
	GlobalSection(SolutionProperties) = preSolution
		HideSolutionNode = FALSE
	EndGlobalSection
	GlobalSection(ExtensibilityGlobals) = postSolution
		SolutionGuid = {DA3C705D-8E99-48A3-83A9-26E7095C7CD3}
	EndGlobalSection
EndGlobal
